# THIS IS AN AUTOGENERATED FILE. DO NOT EDIT THIS FILE DIRECTLY.
# yarn lockfile v1


"@babel/parser@^7.16.4":
  version "7.20.15"
  resolved "https://registry.npmjs.org/@babel/parser/-/parser-7.20.15.tgz"
  integrity sha512-DI4a1oZuf8wC+oAJA9RW6ga3Zbe8RZFt7kD9i4qAspz3I/yHet1VvC3DiSy/fsUvv5pvJuNPh0LPOdCcqinDPg==

"@esbuild/android-arm64@0.16.17":
  version "0.16.17"
  resolved "https://registry.yarnpkg.com/@esbuild/android-arm64/-/android-arm64-0.16.17.tgz#cf91e86df127aa3d141744edafcba0abdc577d23"
  integrity sha512-MIGl6p5sc3RDTLLkYL1MyL8BMRN4tLMRCn+yRJJmEDvYZ2M7tmAf80hx1kbNEUX2KJ50RRtxZ4JHLvCfuB6kBg==

"@esbuild/android-arm@0.16.17":
  version "0.16.17"
  resolved "https://registry.yarnpkg.com/@esbuild/android-arm/-/android-arm-0.16.17.tgz#025b6246d3f68b7bbaa97069144fb5fb70f2fff2"
  integrity sha512-N9x1CMXVhtWEAMS7pNNONyA14f71VPQN9Cnavj1XQh6T7bskqiLLrSca4O0Vr8Wdcga943eThxnVp3JLnBMYtw==

"@esbuild/android-x64@0.16.17":
  version "0.16.17"
  resolved "https://registry.yarnpkg.com/@esbuild/android-x64/-/android-x64-0.16.17.tgz#c820e0fef982f99a85c4b8bfdd582835f04cd96e"
  integrity sha512-a3kTv3m0Ghh4z1DaFEuEDfz3OLONKuFvI4Xqczqx4BqLyuFaFkuaG4j2MtA6fuWEFeC5x9IvqnX7drmRq/fyAQ==

"@esbuild/darwin-arm64@0.16.17":
  version "0.16.17"
  resolved "https://registry.npmjs.org/@esbuild/darwin-arm64/-/darwin-arm64-0.16.17.tgz"
  integrity sha512-/2agbUEfmxWHi9ARTX6OQ/KgXnOWfsNlTeLcoV7HSuSTv63E4DqtAc+2XqGw1KHxKMHGZgbVCZge7HXWX9Vn+w==

"@esbuild/darwin-x64@0.16.17":
  version "0.16.17"
  resolved "https://registry.yarnpkg.com/@esbuild/darwin-x64/-/darwin-x64-0.16.17.tgz#42829168730071c41ef0d028d8319eea0e2904b4"
  integrity sha512-2By45OBHulkd9Svy5IOCZt376Aa2oOkiE9QWUK9fe6Tb+WDr8hXL3dpqi+DeLiMed8tVXspzsTAvd0jUl96wmg==

"@esbuild/freebsd-arm64@0.16.17":
  version "0.16.17"
  resolved "https://registry.yarnpkg.com/@esbuild/freebsd-arm64/-/freebsd-arm64-0.16.17.tgz#1f4af488bfc7e9ced04207034d398e793b570a27"
  integrity sha512-mt+cxZe1tVx489VTb4mBAOo2aKSnJ33L9fr25JXpqQqzbUIw/yzIzi+NHwAXK2qYV1lEFp4OoVeThGjUbmWmdw==

"@esbuild/freebsd-x64@0.16.17":
  version "0.16.17"
  resolved "https://registry.yarnpkg.com/@esbuild/freebsd-x64/-/freebsd-x64-0.16.17.tgz#636306f19e9bc981e06aa1d777302dad8fddaf72"
  integrity sha512-8ScTdNJl5idAKjH8zGAsN7RuWcyHG3BAvMNpKOBaqqR7EbUhhVHOqXRdL7oZvz8WNHL2pr5+eIT5c65kA6NHug==

"@esbuild/linux-arm64@0.16.17":
  version "0.16.17"
  resolved "https://registry.yarnpkg.com/@esbuild/linux-arm64/-/linux-arm64-0.16.17.tgz#a003f7ff237c501e095d4f3a09e58fc7b25a4aca"
  integrity sha512-7S8gJnSlqKGVJunnMCrXHU9Q8Q/tQIxk/xL8BqAP64wchPCTzuM6W3Ra8cIa1HIflAvDnNOt2jaL17vaW+1V0g==

"@esbuild/linux-arm@0.16.17":
  version "0.16.17"
  resolved "https://registry.yarnpkg.com/@esbuild/linux-arm/-/linux-arm-0.16.17.tgz#b591e6a59d9c4fe0eeadd4874b157ab78cf5f196"
  integrity sha512-iihzrWbD4gIT7j3caMzKb/RsFFHCwqqbrbH9SqUSRrdXkXaygSZCZg1FybsZz57Ju7N/SHEgPyaR0LZ8Zbe9gQ==

"@esbuild/linux-ia32@0.16.17":
  version "0.16.17"
  resolved "https://registry.yarnpkg.com/@esbuild/linux-ia32/-/linux-ia32-0.16.17.tgz#24333a11027ef46a18f57019450a5188918e2a54"
  integrity sha512-kiX69+wcPAdgl3Lonh1VI7MBr16nktEvOfViszBSxygRQqSpzv7BffMKRPMFwzeJGPxcio0pdD3kYQGpqQ2SSg==

"@esbuild/linux-loong64@0.16.17":
  version "0.16.17"
  resolved "https://registry.yarnpkg.com/@esbuild/linux-loong64/-/linux-loong64-0.16.17.tgz#d5ad459d41ed42bbd4d005256b31882ec52227d8"
  integrity sha512-dTzNnQwembNDhd654cA4QhbS9uDdXC3TKqMJjgOWsC0yNCbpzfWoXdZvp0mY7HU6nzk5E0zpRGGx3qoQg8T2DQ==

"@esbuild/linux-mips64el@0.16.17":
  version "0.16.17"
  resolved "https://registry.yarnpkg.com/@esbuild/linux-mips64el/-/linux-mips64el-0.16.17.tgz#4e5967a665c38360b0a8205594377d4dcf9c3726"
  integrity sha512-ezbDkp2nDl0PfIUn0CsQ30kxfcLTlcx4Foz2kYv8qdC6ia2oX5Q3E/8m6lq84Dj/6b0FrkgD582fJMIfHhJfSw==

"@esbuild/linux-ppc64@0.16.17":
  version "0.16.17"
  resolved "https://registry.yarnpkg.com/@esbuild/linux-ppc64/-/linux-ppc64-0.16.17.tgz#206443a02eb568f9fdf0b438fbd47d26e735afc8"
  integrity sha512-dzS678gYD1lJsW73zrFhDApLVdM3cUF2MvAa1D8K8KtcSKdLBPP4zZSLy6LFZ0jYqQdQ29bjAHJDgz0rVbLB3g==

"@esbuild/linux-riscv64@0.16.17":
  version "0.16.17"
  resolved "https://registry.yarnpkg.com/@esbuild/linux-riscv64/-/linux-riscv64-0.16.17.tgz#c351e433d009bf256e798ad048152c8d76da2fc9"
  integrity sha512-ylNlVsxuFjZK8DQtNUwiMskh6nT0vI7kYl/4fZgV1llP5d6+HIeL/vmmm3jpuoo8+NuXjQVZxmKuhDApK0/cKw==

"@esbuild/linux-s390x@0.16.17":
  version "0.16.17"
  resolved "https://registry.yarnpkg.com/@esbuild/linux-s390x/-/linux-s390x-0.16.17.tgz#661f271e5d59615b84b6801d1c2123ad13d9bd87"
  integrity sha512-gzy7nUTO4UA4oZ2wAMXPNBGTzZFP7mss3aKR2hH+/4UUkCOyqmjXiKpzGrY2TlEUhbbejzXVKKGazYcQTZWA/w==

"@esbuild/linux-x64@0.16.17":
  version "0.16.17"
  resolved "https://registry.yarnpkg.com/@esbuild/linux-x64/-/linux-x64-0.16.17.tgz#e4ba18e8b149a89c982351443a377c723762b85f"
  integrity sha512-mdPjPxfnmoqhgpiEArqi4egmBAMYvaObgn4poorpUaqmvzzbvqbowRllQ+ZgzGVMGKaPkqUmPDOOFQRUFDmeUw==

"@esbuild/netbsd-x64@0.16.17":
  version "0.16.17"
  resolved "https://registry.yarnpkg.com/@esbuild/netbsd-x64/-/netbsd-x64-0.16.17.tgz#7d4f4041e30c5c07dd24ffa295c73f06038ec775"
  integrity sha512-/PzmzD/zyAeTUsduZa32bn0ORug+Jd1EGGAUJvqfeixoEISYpGnAezN6lnJoskauoai0Jrs+XSyvDhppCPoKOA==

"@esbuild/openbsd-x64@0.16.17":
  version "0.16.17"
  resolved "https://registry.yarnpkg.com/@esbuild/openbsd-x64/-/openbsd-x64-0.16.17.tgz#970fa7f8470681f3e6b1db0cc421a4af8060ec35"
  integrity sha512-2yaWJhvxGEz2RiftSk0UObqJa/b+rIAjnODJgv2GbGGpRwAfpgzyrg1WLK8rqA24mfZa9GvpjLcBBg8JHkoodg==

"@esbuild/sunos-x64@0.16.17":
  version "0.16.17"
  resolved "https://registry.yarnpkg.com/@esbuild/sunos-x64/-/sunos-x64-0.16.17.tgz#abc60e7c4abf8b89fb7a4fe69a1484132238022c"
  integrity sha512-xtVUiev38tN0R3g8VhRfN7Zl42YCJvyBhRKw1RJjwE1d2emWTVToPLNEQj/5Qxc6lVFATDiy6LjVHYhIPrLxzw==

"@esbuild/win32-arm64@0.16.17":
  version "0.16.17"
  resolved "https://registry.yarnpkg.com/@esbuild/win32-arm64/-/win32-arm64-0.16.17.tgz#7b0ff9e8c3265537a7a7b1fd9a24e7bd39fcd87a"
  integrity sha512-ga8+JqBDHY4b6fQAmOgtJJue36scANy4l/rL97W+0wYmijhxKetzZdKOJI7olaBaMhWt8Pac2McJdZLxXWUEQw==

"@esbuild/win32-ia32@0.16.17":
  version "0.16.17"
  resolved "https://registry.yarnpkg.com/@esbuild/win32-ia32/-/win32-ia32-0.16.17.tgz#e90fe5267d71a7b7567afdc403dfd198c292eb09"
  integrity sha512-WnsKaf46uSSF/sZhwnqE4L/F89AYNMiD4YtEcYekBt9Q7nj0DiId2XH2Ng2PHM54qi5oPrQ8luuzGszqi/veig==

"@esbuild/win32-x64@0.16.17":
  version "0.16.17"
  resolved "https://registry.yarnpkg.com/@esbuild/win32-x64/-/win32-x64-0.16.17.tgz#c5a1a4bfe1b57f0c3e61b29883525c6da3e5c091"
  integrity sha512-y+EHuSchhL7FjHgvQL/0fnnFmO4T1bhvWANX6gcnqTjtnKWbTvUMCpGnv2+t+31d7RzyEAYAd4u2fnIhHL6N/Q==

"@mdi/font@^7.0.96":
  version "7.1.96"
  resolved "https://registry.npmjs.org/@mdi/font/-/font-7.1.96.tgz"
  integrity sha512-Imag6npmfkBDi2Ze2jiZVAPTDIKLxhz2Sx82xJ2zctyAU5LYJejLI5ChnDwiD9bMkQfVuzEsI98Q8toHyC+HCg==

"@types/linkify-it@*":
  version "3.0.2"
  resolved "https://registry.npmjs.org/@types/linkify-it/-/linkify-it-3.0.2.tgz"
  integrity sha512-HZQYqbiFVWufzCwexrvh694SOim8z2d+xJl5UNamcvQFejLY/2YUtzXHYi3cHdI7PMlS8ejH2slRAOJQ32aNbA==

"@types/markdown-it@^12.2.3":
  version "12.2.3"
  resolved "https://registry.npmjs.org/@types/markdown-it/-/markdown-it-12.2.3.tgz"
  integrity sha512-GKMHFfv3458yYy+v/N8gjufHO6MSZKCOXpZc5GXIWWy8uldwfmPn98vp81gZ5f9SVw8YYBctgfJ22a2d7AOMeQ==
  dependencies:
    "@types/linkify-it" "*"
    "@types/mdurl" "*"

"@types/mdurl@*":
  version "1.0.2"
  resolved "https://registry.npmjs.org/@types/mdurl/-/mdurl-1.0.2.tgz"
  integrity sha512-eC4U9MlIcu2q0KQmXszyn5Akca/0jrQmwDRgpAMJai7qBWq4amIQhZyNau4VYGtCeALvW1/NtjzJJ567aZxfKA==

"@vitejs/plugin-vue@^4.0.0":
  version "4.0.0"
  resolved "https://registry.npmjs.org/@vitejs/plugin-vue/-/plugin-vue-4.0.0.tgz"
  integrity sha512-e0X4jErIxAB5oLtDqbHvHpJe/uWNkdpYV83AOG2xo2tEVSzCzewgJMtREZM30wXnM5ls90hxiOtAuVU6H5JgbA==

"@volar/language-core@1.0.24":
  version "1.0.24"
  resolved "https://registry.npmjs.org/@volar/language-core/-/language-core-1.0.24.tgz"
  integrity sha512-vTN+alJiWwK0Pax6POqrmevbtFW2dXhjwWiW/MW4f48eDYPLdyURWcr8TixO7EN/nHsUBj2udT7igFKPtjyAKg==
  dependencies:
    "@volar/source-map" "1.0.24"
    muggle-string "^0.1.0"

"@volar/source-map@1.0.24":
  version "1.0.24"
  resolved "https://registry.npmjs.org/@volar/source-map/-/source-map-1.0.24.tgz"
  integrity sha512-Qsv/tkplx18pgBr8lKAbM1vcDqgkGKQzbChg6NW+v0CZc3G7FLmK+WrqEPzKlN7Cwdc6XVL559Nod8WKAfKr4A==
  dependencies:
    muggle-string "^0.1.0"

"@volar/typescript@1.0.24":
  version "1.0.24"
  resolved "https://registry.npmjs.org/@volar/typescript/-/typescript-1.0.24.tgz"
  integrity sha512-f8hCSk+PfKR1/RQHxZ79V1NpDImHoivqoizK+mstphm25tn/YJ/JnKNjZHB+o21fuW0yKlI26NV3jkVb2Cc/7A==
  dependencies:
    "@volar/language-core" "1.0.24"

"@volar/vue-language-core@1.0.24":
  version "1.0.24"
  resolved "https://registry.npmjs.org/@volar/vue-language-core/-/vue-language-core-1.0.24.tgz"
  integrity sha512-2NTJzSgrwKu6uYwPqLiTMuAzi7fAY3yFy5PJ255bGJc82If0Xr+cW8pC80vpjG0D/aVLmlwAdO4+Ya2BI8GdDg==
  dependencies:
    "@volar/language-core" "1.0.24"
    "@volar/source-map" "1.0.24"
    "@vue/compiler-dom" "^3.2.45"
    "@vue/compiler-sfc" "^3.2.45"
    "@vue/reactivity" "^3.2.45"
    "@vue/shared" "^3.2.45"
    minimatch "^5.1.1"
    vue-template-compiler "^2.7.14"

"@volar/vue-typescript@1.0.24":
  version "1.0.24"
  resolved "https://registry.npmjs.org/@volar/vue-typescript/-/vue-typescript-1.0.24.tgz"
  integrity sha512-9a25oHDvGaNC0okRS47uqJI6FxY4hUQZUsxeOUFHcqVxZEv8s17LPuP/pMMXyz7jPygrZubB/qXqHY5jEu/akA==
  dependencies:
    "@volar/typescript" "1.0.24"
    "@volar/vue-language-core" "1.0.24"

"@vue/compiler-core@3.2.47":
  version "3.2.47"
  resolved "https://registry.npmjs.org/@vue/compiler-core/-/compiler-core-3.2.47.tgz"
  integrity sha512-p4D7FDnQb7+YJmO2iPEv0SQNeNzcbHdGByJDsT4lynf63AFkOTFN07HsiRSvjGo0QrxR/o3d0hUyNCUnBU2Tig==
  dependencies:
    "@babel/parser" "^7.16.4"
    "@vue/shared" "3.2.47"
    estree-walker "^2.0.2"
    source-map "^0.6.1"

"@vue/compiler-dom@3.2.47", "@vue/compiler-dom@^3.2.45":
  version "3.2.47"
  resolved "https://registry.npmjs.org/@vue/compiler-dom/-/compiler-dom-3.2.47.tgz"
  integrity sha512-dBBnEHEPoftUiS03a4ggEig74J2YBZ2UIeyfpcRM2tavgMWo4bsEfgCGsu+uJIL/vax9S+JztH8NmQerUo7shQ==
  dependencies:
    "@vue/compiler-core" "3.2.47"
    "@vue/shared" "3.2.47"

"@vue/compiler-sfc@3.2.47", "@vue/compiler-sfc@^3.2.45":
  version "3.2.47"
  resolved "https://registry.npmjs.org/@vue/compiler-sfc/-/compiler-sfc-3.2.47.tgz"
  integrity sha512-rog05W+2IFfxjMcFw10tM9+f7i/+FFpZJJ5XHX72NP9eC2uRD+42M3pYcQqDXVYoj74kHMSEdQ/WmCjt8JFksQ==
  dependencies:
    "@babel/parser" "^7.16.4"
    "@vue/compiler-core" "3.2.47"
    "@vue/compiler-dom" "3.2.47"
    "@vue/compiler-ssr" "3.2.47"
    "@vue/reactivity-transform" "3.2.47"
    "@vue/shared" "3.2.47"
    estree-walker "^2.0.2"
    magic-string "^0.25.7"
    postcss "^8.1.10"
    source-map "^0.6.1"

"@vue/compiler-ssr@3.2.47":
  version "3.2.47"
  resolved "https://registry.npmjs.org/@vue/compiler-ssr/-/compiler-ssr-3.2.47.tgz"
  integrity sha512-wVXC+gszhulcMD8wpxMsqSOpvDZ6xKXSVWkf50Guf/S+28hTAXPDYRTbLQ3EDkOP5Xz/+SY37YiwDquKbJOgZw==
  dependencies:
    "@vue/compiler-dom" "3.2.47"
    "@vue/shared" "3.2.47"

"@vue/devtools-api@^6.1.4", "@vue/devtools-api@^6.4.5":
  version "6.5.0"
  resolved "https://registry.npmjs.org/@vue/devtools-api/-/devtools-api-6.5.0.tgz"
  integrity sha512-o9KfBeaBmCKl10usN4crU53fYtC1r7jJwdGKjPT24t348rHxgfpZ0xL3Xm/gLUYnc0oTp8LAmrxOeLyu6tbk2Q==

"@vue/reactivity-transform@3.2.47":
  version "3.2.47"
  resolved "https://registry.npmjs.org/@vue/reactivity-transform/-/reactivity-transform-3.2.47.tgz"
  integrity sha512-m8lGXw8rdnPVVIdIFhf0LeQ/ixyHkH5plYuS83yop5n7ggVJU+z5v0zecwEnX7fa7HNLBhh2qngJJkxpwEEmYA==
  dependencies:
    "@babel/parser" "^7.16.4"
    "@vue/compiler-core" "3.2.47"
    "@vue/shared" "3.2.47"
    estree-walker "^2.0.2"
    magic-string "^0.25.7"

"@vue/reactivity@3.2.47", "@vue/reactivity@^3.2.45":
  version "3.2.47"
  resolved "https://registry.npmjs.org/@vue/reactivity/-/reactivity-3.2.47.tgz"
  integrity sha512-7khqQ/75oyyg+N/e+iwV6lpy1f5wq759NdlS1fpAhFXa8VeAIKGgk2E/C4VF59lx5b+Ezs5fpp/5WsRYXQiKxQ==
  dependencies:
    "@vue/shared" "3.2.47"

"@vue/runtime-core@3.2.47":
  version "3.2.47"
  resolved "https://registry.npmjs.org/@vue/runtime-core/-/runtime-core-3.2.47.tgz"
  integrity sha512-RZxbLQIRB/K0ev0K9FXhNbBzT32H9iRtYbaXb0ZIz2usLms/D55dJR2t6cIEUn6vyhS3ALNvNthI+Q95C+NOpA==
  dependencies:
    "@vue/reactivity" "3.2.47"
    "@vue/shared" "3.2.47"

"@vue/runtime-dom@3.2.47":
  version "3.2.47"
  resolved "https://registry.npmjs.org/@vue/runtime-dom/-/runtime-dom-3.2.47.tgz"
  integrity sha512-ArXrFTjS6TsDei4qwNvgrdmHtD930KgSKGhS5M+j8QxXrDJYLqYw4RRcDy1bz1m1wMmb6j+zGLifdVHtkXA7gA==
  dependencies:
    "@vue/runtime-core" "3.2.47"
    "@vue/shared" "3.2.47"
    csstype "^2.6.8"

"@vue/server-renderer@3.2.47":
  version "3.2.47"
  resolved "https://registry.npmjs.org/@vue/server-renderer/-/server-renderer-3.2.47.tgz"
  integrity sha512-dN9gc1i8EvmP9RCzvneONXsKfBRgqFeFZLurmHOveL7oH6HiFXJw5OGu294n1nHc/HMgTy6LulU/tv5/A7f/LA==
  dependencies:
    "@vue/compiler-ssr" "3.2.47"
    "@vue/shared" "3.2.47"

"@vue/shared@3.2.47", "@vue/shared@^3.2.45":
  version "3.2.47"
  resolved "https://registry.npmjs.org/@vue/shared/-/shared-3.2.47.tgz"
  integrity sha512-BHGyyGN3Q97EZx0taMQ+OLNuZcW3d37ZEVmEAyeoA9ERdGvm9Irc/0Fua8SNyOtV1w6BS4q25wbMzJujO9HIfQ==

anymatch@~3.1.2:
  version "3.1.3"
  resolved "https://registry.npmjs.org/anymatch/-/anymatch-3.1.3.tgz"
  integrity sha512-KMReFUr0B4t+D+OBkjR3KYqvocp2XaSzO55UcB6mgQMd3KbcE+mWTyvVV7D/zsdEbNnV6acZUutkiHQXvTr1Rw==
  dependencies:
    normalize-path "^3.0.0"
    picomatch "^2.0.4"

argparse@^2.0.1:
  version "2.0.1"
  resolved "https://registry.npmjs.org/argparse/-/argparse-2.0.1.tgz"
  integrity sha512-8+9WqebbFzpX9OR+Wa6O29asIogeRMzcGtAINdpMHHyAg10f05aSFVBbcEqGf/PXw1EjAZ+q2/bEBg3DvurK3Q==

balanced-match@^1.0.0:
  version "1.0.2"
  resolved "https://registry.npmjs.org/balanced-match/-/balanced-match-1.0.2.tgz"
  integrity sha512-3oSeUO0TMV67hN1AmbXsK4yaqU7tjiHlbxRDZOpH0KW9+CeX4bRAaX0Anxt0tx2MrpRpWwQaPwIlISEJhYU5Pw==

binary-extensions@^2.0.0:
  version "2.2.0"
  resolved "https://registry.npmjs.org/binary-extensions/-/binary-extensions-2.2.0.tgz"
  integrity sha512-jDctJ/IVQbZoJykoeHbhXpOlNBqGNcwXJKJog42E5HDPUwQTSdjCHdihjj0DlnheQ7blbT6dHOafNAiS8ooQKA==

bootstrap@^5.2.3:
  version "5.2.3"
  resolved "https://registry.npmjs.org/bootstrap/-/bootstrap-5.2.3.tgz"
  integrity sha512-cEKPM+fwb3cT8NzQZYEu4HilJ3anCrWqh3CHAok1p9jXqMPsPTBhU25fBckEJHJ/p+tTxTFTsFQGM+gaHpi3QQ==

brace-expansion@^2.0.1:
  version "2.0.1"
  resolved "https://registry.npmjs.org/brace-expansion/-/brace-expansion-2.0.1.tgz"
  integrity sha512-XnAIvQ8eM+kC6aULx6wuQiwVsnzsi9d3WxzV3FpWTGA19F621kwdbsAcFKXgKUHZWsy+mY6iL1sHTxWEFCytDA==
  dependencies:
    balanced-match "^1.0.0"

braces@~3.0.2:
  version "3.0.2"
  resolved "https://registry.npmjs.org/braces/-/braces-3.0.2.tgz"
  integrity sha512-b8um+L1RzM3WDSzvhm6gIz1yfTbBt6YTlcEKAvsmqCZZFw46z626lVj9j1yEPW33H5H+lBQpZMP1k8l+78Ha0A==
  dependencies:
    fill-range "^7.0.1"

"chokidar@>=3.0.0 <4.0.0":
  version "3.5.3"
  resolved "https://registry.npmjs.org/chokidar/-/chokidar-3.5.3.tgz"
  integrity sha512-Dr3sfKRP6oTcjf2JmUmFJfeVMvXBdegxB0iVQ5eb2V10uFJUCAS8OByZdVAyVb8xXNz3GjjTgj9kLWsZTqE6kw==
  dependencies:
    anymatch "~3.1.2"
    braces "~3.0.2"
    glob-parent "~5.1.2"
    is-binary-path "~2.1.0"
    is-glob "~4.0.1"
    normalize-path "~3.0.0"
    readdirp "~3.6.0"
  optionalDependencies:
    fsevents "~2.3.2"

csstype@^2.6.8:
  version "2.6.21"
  resolved "https://registry.npmjs.org/csstype/-/csstype-2.6.21.tgz"
  integrity sha512-Z1PhmomIfypOpoMjRQB70jfvy/wxT50qW08YXO5lMIJkrdq4yOTR+AW7FqutScmB9NkLwxo+jU+kZLbofZZq/w==

de-indent@^1.0.2:
  version "1.0.2"
  resolved "https://registry.npmjs.org/de-indent/-/de-indent-1.0.2.tgz"
  integrity sha512-e/1zu3xH5MQryN2zdVaF0OrdNLUbvWxzMbi+iNA6Bky7l1RoP8a2fIbRocyHclXt/arDrrR6lL3TqFD9pMQTsg==

entities@~3.0.1:
  version "3.0.1"
  resolved "https://registry.npmjs.org/entities/-/entities-3.0.1.tgz"
  integrity sha512-WiyBqoomrwMdFG1e0kqvASYfnlb0lp8M5o5Fw2OFq1hNZxxcNk8Ik0Xm7LxzBhuidnZB/UtBqVCgUz3kBOP51Q==

esbuild@^0.16.14:
  version "0.16.17"
  resolved "https://registry.npmjs.org/esbuild/-/esbuild-0.16.17.tgz"
  integrity sha512-G8LEkV0XzDMNwXKgM0Jwu3nY3lSTwSGY6XbxM9cr9+s0T/qSV1q1JVPBGzm3dcjhCic9+emZDmMffkwgPeOeLg==
  optionalDependencies:
    "@esbuild/android-arm" "0.16.17"
    "@esbuild/android-arm64" "0.16.17"
    "@esbuild/android-x64" "0.16.17"
    "@esbuild/darwin-arm64" "0.16.17"
    "@esbuild/darwin-x64" "0.16.17"
    "@esbuild/freebsd-arm64" "0.16.17"
    "@esbuild/freebsd-x64" "0.16.17"
    "@esbuild/linux-arm" "0.16.17"
    "@esbuild/linux-arm64" "0.16.17"
    "@esbuild/linux-ia32" "0.16.17"
    "@esbuild/linux-loong64" "0.16.17"
    "@esbuild/linux-mips64el" "0.16.17"
    "@esbuild/linux-ppc64" "0.16.17"
    "@esbuild/linux-riscv64" "0.16.17"
    "@esbuild/linux-s390x" "0.16.17"
    "@esbuild/linux-x64" "0.16.17"
    "@esbuild/netbsd-x64" "0.16.17"
    "@esbuild/openbsd-x64" "0.16.17"
    "@esbuild/sunos-x64" "0.16.17"
    "@esbuild/win32-arm64" "0.16.17"
    "@esbuild/win32-ia32" "0.16.17"
    "@esbuild/win32-x64" "0.16.17"

estree-walker@^2.0.2:
  version "2.0.2"
  resolved "https://registry.npmjs.org/estree-walker/-/estree-walker-2.0.2.tgz"
  integrity sha512-Rfkk/Mp/DL7JVje3u18FxFujQlTNR2q6QfMSMB7AvCBx91NGj/ba3kCfza0f6dVDbw7YlRf/nDrn7pQrCCyQ/w==

fill-range@^7.0.1:
  version "7.0.1"
  resolved "https://registry.npmjs.org/fill-range/-/fill-range-7.0.1.tgz"
  integrity sha512-qOo9F+dMUmC2Lcb4BbVvnKJxTPjCm+RRpe4gDuGrzkL7mEVl/djYSu2OdQ2Pa302N4oqkSg9ir6jaLWJ2USVpQ==
  dependencies:
    to-regex-range "^5.0.1"

flag-icons@^6.6.6:
  version "6.6.6"
  resolved "https://registry.npmjs.org/flag-icons/-/flag-icons-6.6.6.tgz"
  integrity sha512-4lHDKxldnQ7q617pf9Dx9nAetT+9zcMpUexbRrc9kjLw9KJgZ83zA5Dky3Vv7ZDzUjAiZ46x/cy5P0HnEnqA2A==

fsevents@~2.3.2:
  version "2.3.2"
  resolved "https://registry.npmjs.org/fsevents/-/fsevents-2.3.2.tgz"
  integrity sha512-xiqMQR4xAeHTuB9uWm+fFRcIOgKBMiOBP+eXiyT7jsgVCq1bkVygt00oASowB7EdtpOHaaPgKt812P9ab+DDKA==

function-bind@^1.1.1:
  version "1.1.1"
  resolved "https://registry.npmjs.org/function-bind/-/function-bind-1.1.1.tgz"
  integrity sha512-yIovAzMX49sF8Yl58fSCWJ5svSLuaibPxXQJFLmBObTuCr0Mf1KiPopGM9NiFjiYBCbfaa2Fh6breQ6ANVTI0A==

glob-parent@~5.1.2:
  version "5.1.2"
  resolved "https://registry.npmjs.org/glob-parent/-/glob-parent-5.1.2.tgz"
  integrity sha512-AOIgSQCepiJYwP3ARnGx+5VnTu2HBYdzbGP45eLw1vr3zB3vZLeyed1sC9hnbcOc9/SrMyM5RPQrkGz4aS9Zow==
  dependencies:
    is-glob "^4.0.1"

has@^1.0.3:
  version "1.0.3"
  resolved "https://registry.npmjs.org/has/-/has-1.0.3.tgz"
  integrity sha512-f2dvO0VU6Oej7RkWJGrehjbzMAjFp5/VKPp5tTpWIV4JHHZK1/BxbFRtf/siA2SWTe09caDmVtYYzWEIbBS4zw==
  dependencies:
    function-bind "^1.1.1"

he@^1.2.0:
  version "1.2.0"
  resolved "https://registry.npmjs.org/he/-/he-1.2.0.tgz"
  integrity sha512-F/1DnUGPopORZi0ni+CvrCgHQ5FyEAHRLSApuYWMmrbSwoN2Mn/7k+Gl38gJnR7yyDZk6WLXwiGod1JOWNDKGw==

highlight.js@^11.7.0:
  version "11.7.0"
  resolved "https://registry.npmjs.org/highlight.js/-/highlight.js-11.7.0.tgz"
  integrity sha512-1rRqesRFhMO/PRF+G86evnyJkCgaZFOI+Z6kdj15TA18funfoqJXvgPCLSf0SWq3SRfg1j3HlDs8o4s3EGq1oQ==

immutable@^4.0.0:
  version "4.2.3"
  resolved "https://registry.npmjs.org/immutable/-/immutable-4.2.3.tgz"
  integrity sha512-IHpmvaOIX4VLJwPOuQr1NpeBr2ZG6vpIj3blsLVxXRWJscLioaJRStqC+NcBsLeCDsnGlPpXd5/WZmnE7MbsKA==

is-binary-path@~2.1.0:
  version "2.1.0"
  resolved "https://registry.npmjs.org/is-binary-path/-/is-binary-path-2.1.0.tgz"
  integrity sha512-ZMERYes6pDydyuGidse7OsHxtbI7WVeUEozgR/g7rd0xUimYNlvZRE/K2MgZTjWy725IfelLeVcEM97mmtRGXw==
  dependencies:
    binary-extensions "^2.0.0"

is-core-module@^2.9.0:
  version "2.11.0"
  resolved "https://registry.npmjs.org/is-core-module/-/is-core-module-2.11.0.tgz"
  integrity sha512-RRjxlvLDkD1YJwDbroBHMb+cukurkDWNyHx7D3oNB5x9rb5ogcksMC5wHCadcXoo67gVr/+3GFySh3134zi6rw==
  dependencies:
    has "^1.0.3"

is-extglob@^2.1.1:
  version "2.1.1"
  resolved "https://registry.npmjs.org/is-extglob/-/is-extglob-2.1.1.tgz"
  integrity sha512-SbKbANkN603Vi4jEZv49LeVJMn4yGwsbzZworEoyEiutsN3nJYdbO36zfhGJ6QEDpOZIFkDtnq5JRxmvl3jsoQ==

is-glob@^4.0.1, is-glob@~4.0.1:
  version "4.0.3"
  resolved "https://registry.npmjs.org/is-glob/-/is-glob-4.0.3.tgz"
  integrity sha512-xelSayHH36ZgE7ZWhli7pW34hNbNl8Ojv5KVmkJD4hBdD3th8Tfk9vYasLM+mXWOZhFkgZfxhLSnrwRr4elSSg==
  dependencies:
    is-extglob "^2.1.1"

is-number@^7.0.0:
  version "7.0.0"
  resolved "https://registry.npmjs.org/is-number/-/is-number-7.0.0.tgz"
  integrity sha512-41Cifkg6e8TylSpdtTpeLVMqvSBEVzTttHvERD741+pnZ8ANv0004MRL43QKPDlK9cGvNp6NZWZUBlbGXYxxng==

laravel-vite-plugin@^0.7.2:
  version "0.7.3"
  resolved "https://registry.npmjs.org/laravel-vite-plugin/-/laravel-vite-plugin-0.7.3.tgz"
  integrity sha512-N6hH/JFA98oW1I0OZ2Gx1HF3/QzkBpUIkxqfKqxENQNLWLFx4+CWB7cxP+i4sGXp9LQUlLbH5Lq/eZoXtLAq8w==
  dependencies:
    picocolors "^1.0.0"
    vite-plugin-full-reload "^1.0.5"

linkify-it@^4.0.1:
  version "4.0.1"
  resolved "https://registry.npmjs.org/linkify-it/-/linkify-it-4.0.1.tgz"
  integrity sha512-C7bfi1UZmoj8+PQx22XyeXCuBlokoyWQL5pWSP+EI6nzRylyThouddufc2c1NDIcP9k5agmN9fLpA7VNJfIiqw==
  dependencies:
    uc.micro "^1.0.1"

magic-string@^0.25.7:
  version "0.25.9"
  resolved "https://registry.npmjs.org/magic-string/-/magic-string-0.25.9.tgz"
  integrity sha512-RmF0AsMzgt25qzqqLc1+MbHmhdx0ojF2Fvs4XnOqz2ZOBXzzkEwc/dJQZCYHAn7v1jbVOjAZfK8msRn4BxO4VQ==
  dependencies:
    sourcemap-codec "^1.4.8"

markdown-it@^13.0.1:
  version "13.0.1"
  resolved "https://registry.npmjs.org/markdown-it/-/markdown-it-13.0.1.tgz"
  integrity sha512-lTlxriVoy2criHP0JKRhO2VDG9c2ypWCsT237eDiLqi09rmbKoUetyGHq2uOIRoRS//kfoJckS0eUzzkDR+k2Q==
  dependencies:
    argparse "^2.0.1"
    entities "~3.0.1"
    linkify-it "^4.0.1"
    mdurl "^1.0.1"
    uc.micro "^1.0.5"

mdurl@^1.0.1:
  version "1.0.1"
  resolved "https://registry.npmjs.org/mdurl/-/mdurl-1.0.1.tgz"
  integrity sha512-/sKlQJCBYVY9Ers9hqzKou4H6V5UWc/M59TH2dvkt+84itfnq7uFOMLpOiOS4ujvHP4etln18fmIxA5R5fll0g==

minimatch@^5.1.1:
  version "5.1.6"
  resolved "https://registry.npmjs.org/minimatch/-/minimatch-5.1.6.tgz"
  integrity sha512-lKwV/1brpG6mBUFHtb7NUmtABCb2WZZmm2wNiOA5hAb8VdCS4B3dtMWyvcoViccwAW/COERjXLt0zP1zXUN26g==
  dependencies:
    brace-expansion "^2.0.1"

muggle-string@^0.1.0:
  version "0.1.0"
  resolved "https://registry.npmjs.org/muggle-string/-/muggle-string-0.1.0.tgz"
  integrity sha512-Tr1knR3d2mKvvWthlk7202rywKbiOm4rVFLsfAaSIhJ6dt9o47W4S+JMtWhd/PW9Wrdew2/S2fSvhz3E2gkfEg==

nanoid@^3.3.4:
  version "3.3.4"
  resolved "https://registry.npmjs.org/nanoid/-/nanoid-3.3.4.tgz"
  integrity sha512-MqBkQh/OHTS2egovRtLk45wEyNXwF+cokD+1YPf9u5VfJiRdAiRwB2froX5Co9Rh20xs4siNPm8naNotSD6RBw==

normalize-path@^3.0.0, normalize-path@~3.0.0:
  version "3.0.0"
  resolved "https://registry.npmjs.org/normalize-path/-/normalize-path-3.0.0.tgz"
  integrity sha512-6eZs5Ls3WtCisHWp9S2GUy8dqkpGi4BVSz3GaqiE6ezub0512ESztXUwUB6C6IKbQkY2Pnb/mD4WYojCRwcwLA==

path-parse@^1.0.7:
  version "1.0.7"
  resolved "https://registry.npmjs.org/path-parse/-/path-parse-1.0.7.tgz"
  integrity sha512-LDJzPVEEEPR+y48z93A0Ed0yXb8pAByGWo/k5YYdYgpY2/2EsOsksJrq7lOHxryrVOn1ejG6oAp8ahvOIQD8sw==

picocolors@^1.0.0:
  version "1.0.0"
  resolved "https://registry.npmjs.org/picocolors/-/picocolors-1.0.0.tgz"
  integrity sha512-1fygroTLlHu66zi26VoTDv8yRgm0Fccecssto+MhsZ0D/DGW2sm8E8AjW7NU5VVTRt5GxbeZ5qBuJr+HyLYkjQ==

picomatch@^2.0.4, picomatch@^2.2.1, picomatch@^2.3.1:
  version "2.3.1"
  resolved "https://registry.npmjs.org/picomatch/-/picomatch-2.3.1.tgz"
  integrity sha512-JU3teHTNjmE2VCGFzuY8EXzCDVwEqB2a8fsIvwaStHhAWJEeVd1o1QD80CU6+ZdEXXSLbSsuLwJjkCBWqRQUVA==

pinia@^2.0.25:
  version "2.0.30"
  resolved "https://registry.npmjs.org/pinia/-/pinia-2.0.30.tgz"
  integrity sha512-q6DUmxWwe/mQgg+55QQjykpKC+aGeGdaJV3niminl19V08dE+LRTvSEuqi6/NLSGCKHI49KGL6tMNEOssFiMyA==
  dependencies:
    "@vue/devtools-api" "^6.4.5"
    vue-demi "*"

postcss@^8.1.10, postcss@^8.4.21:
  version "8.4.21"
  resolved "https://registry.npmjs.org/postcss/-/postcss-8.4.21.tgz"
  integrity sha512-tP7u/Sn/dVxK2NnruI4H9BG+x+Wxz6oeZ1cJ8P6G/PZY0IKk4k/63TDsQf2kQq3+qoJeLm2kIBUNlZe3zgb4Zg==
  dependencies:
    nanoid "^3.3.4"
    picocolors "^1.0.0"
    source-map-js "^1.0.2"

property-expr@^2.0.5:
  version "2.0.5"
  resolved "https://registry.npmjs.org/property-expr/-/property-expr-2.0.5.tgz"
  integrity sha512-IJUkICM5dP5znhCckHSv30Q4b5/JA5enCtkRHYaOVOAocnH/1BQEYTC5NMfT3AVl/iXKdr3aqQbQn9DxyWknwA==

readdirp@~3.6.0:
  version "3.6.0"
  resolved "https://registry.npmjs.org/readdirp/-/readdirp-3.6.0.tgz"
  integrity sha512-hOS089on8RduqdbhvQ5Z37A0ESjsqz6qnRcffsMU3495FuTdqSm+7bhJ29JvIOsBDEEnan5DPu9t3To9VRlMzA==
  dependencies:
    picomatch "^2.2.1"

resolve@^1.22.1:
  version "1.22.1"
  resolved "https://registry.npmjs.org/resolve/-/resolve-1.22.1.tgz"
  integrity sha512-nBpuuYuY5jFsli/JIs1oldw6fOQCBioohqWZg/2hiaOybXOft4lonv85uDOKXdf8rhyK159cxU5cDcK/NKk8zw==
  dependencies:
    is-core-module "^2.9.0"
    path-parse "^1.0.7"
    supports-preserve-symlinks-flag "^1.0.0"

rollup@^3.10.0:
  version "3.12.1"
  resolved "https://registry.npmjs.org/rollup/-/rollup-3.12.1.tgz"
  integrity sha512-t9elERrz2i4UU9z7AwISj3CQcXP39cWxgRWLdf4Tm6aKm1eYrqHIgjzXBgb67GNY1sZckTFFi0oMozh3/S++Ig==
  optionalDependencies:
    fsevents "~2.3.2"

sass@^1.56.2:
  version "1.58.0"
  resolved "https://registry.npmjs.org/sass/-/sass-1.58.0.tgz"
  integrity sha512-PiMJcP33DdKtZ/1jSjjqVIKihoDc6yWmYr9K/4r3fVVIEDAluD0q7XZiRKrNJcPK3qkLRF/79DND1H5q1LBjgg==
  dependencies:
    chokidar ">=3.0.0 <4.0.0"
    immutable "^4.0.0"
    source-map-js ">=0.6.2 <2.0.0"

"source-map-js@>=0.6.2 <2.0.0", source-map-js@^1.0.2:
  version "1.0.2"
  resolved "https://registry.npmjs.org/source-map-js/-/source-map-js-1.0.2.tgz"
  integrity sha512-R0XvVJ9WusLiqTCEiGCmICCMplcCkIwwR11mOSD9CR5u+IXYdiseeEuXCVAjS54zqwkLcPNnmU4OeJ6tUrWhDw==

source-map@^0.6.1:
  version "0.6.1"
  resolved "https://registry.npmjs.org/source-map/-/source-map-0.6.1.tgz"
  integrity sha512-UjgapumWlbMhkBgzT7Ykc5YXUT46F0iKu8SGXq0bcwP5dz/h0Plj6enJqjz1Zbq2l5WaqYnrVbwWOWMyF3F47g==

sourcemap-codec@^1.4.8:
  version "1.4.8"
  resolved "https://registry.npmjs.org/sourcemap-codec/-/sourcemap-codec-1.4.8.tgz"
  integrity sha512-9NykojV5Uih4lgo5So5dtw+f0JgJX30KCNI8gwhz2J9A15wD0Ml6tjHKwf6fTSa6fAdVBdZeNOs9eJ71qCk8vA==

strategio-saas@dev:
  version "0.0.5"
  resolved "https://registry.npmjs.org/strategio-saas/-/strategio-saas-0.0.5.tgz"
  integrity sha512-0Op3bLz6D8ziJ0txRI/9JNtYyUW9XL4Mur3KlTVeA60Ozn6A6fkHQt3zX9NkPErGAevDOgZPFd0AluaTN86YfQ==
  dependencies:
    "@mdi/font" "^7.0.96"
    "@vitejs/plugin-vue" "^4.0.0"
    laravel-vite-plugin "^0.7.2"
    pinia "^2.0.25"
    sass "^1.56.2"
    typescript "^4.9.4"
    vite "^4.0.1"
    vue "^3.2.45"
    vue-router "^4.1.6"
    vue-tsc "^1.0.13"
    vuetify "^3.0.1"

supports-preserve-symlinks-flag@^1.0.0:
  version "1.0.0"
  resolved "https://registry.npmjs.org/supports-preserve-symlinks-flag/-/supports-preserve-symlinks-flag-1.0.0.tgz"
  integrity sha512-ot0WnXS9fgdkgIcePe6RHNk1WA8+muPa6cSjeR3V8K27q9BB1rTE3R1p7Hv0z1ZyAc8s6Vvv8DIyWf681MAt0w==

tiny-case@^1.0.3:
  version "1.0.3"
  resolved "https://registry.npmjs.org/tiny-case/-/tiny-case-1.0.3.tgz"
  integrity sha512-Eet/eeMhkO6TX8mnUteS9zgPbUMQa4I6Kkp5ORiBD5476/m+PIRiumP5tmh5ioJpH7k51Kehawy2UDfsnxxY8Q==

to-regex-range@^5.0.1:
  version "5.0.1"
  resolved "https://registry.npmjs.org/to-regex-range/-/to-regex-range-5.0.1.tgz"
  integrity sha512-65P7iz6X5yEr1cwcgvQxbbIw7Uk3gOy5dIdtZ4rDveLqhrdJP+Li/Hx6tyK0NEb+2GCyneCMJiGqrADCSNk8sQ==
  dependencies:
    is-number "^7.0.0"

toposort@^2.0.2:
  version "2.0.2"
  resolved "https://registry.npmjs.org/toposort/-/toposort-2.0.2.tgz"
  integrity sha512-0a5EOkAUp8D4moMi2W8ZF8jcga7BgZd91O/yabJCFY8az+XSzeGyTKs0Aoo897iV1Nj6guFq8orWDS96z91oGg==

tsparticles-engine@^2.8.0:
  version "2.8.0"
  resolved "https://registry.npmjs.org/tsparticles-engine/-/tsparticles-engine-2.8.0.tgz"
  integrity sha512-r0cWKxefQkQCzU+RRG/82VQnl/fAkws27EuYIOKcnHiYsWnZYcX8iPiQs/qgDajP0haBSn4Vui8UbTCAwSFniw==

tsparticles-engine@^2.9.0:
  version "2.9.0"
  resolved "https://registry.npmjs.org/tsparticles-engine/-/tsparticles-engine-2.9.0.tgz"
  integrity sha512-KpoglV8LF/yoN2FRdT6AgkFRlylR+Trj7JHZkb8Vfsf669DwLhVt6jCZ62edPrA7eW+gJmCyU93c6m5Y7k0AHA==

tsparticles-interaction-external-attract@^2.9.0:
  version "2.9.0"
  resolved "https://registry.npmjs.org/tsparticles-interaction-external-attract/-/tsparticles-interaction-external-attract-2.9.0.tgz"
  integrity sha512-AdEKZ2aHX9IDqDeAkWVIUWPcoEvIEdrOYnOSFk20AeEwsKx+MTtsoMganzEaOLP7WlLGqp/0l0b4kZ++P4zWzw==
  dependencies:
    tsparticles-engine "^2.9.0"

tsparticles-interaction-external-bounce@^2.9.0:
  version "2.9.0"
  resolved "https://registry.npmjs.org/tsparticles-interaction-external-bounce/-/tsparticles-interaction-external-bounce-2.9.0.tgz"
  integrity sha512-PdOR50zr+gLIlXtXnMnrj8xrD0I5eTrkzdao9e/ldRlyIskr9JI2/KNdhCeOJ50y2DNTW9xJkUc4lMPfr0NdTQ==
  dependencies:
    tsparticles-engine "^2.9.0"

tsparticles-interaction-external-bubble@^2.9.0:
  version "2.9.0"
  resolved "https://registry.npmjs.org/tsparticles-interaction-external-bubble/-/tsparticles-interaction-external-bubble-2.9.0.tgz"
  integrity sha512-205JUwJQDFVfGkp25AbeXjttHLSDvWJ+2WgzUitfSEGZAYOqKGGlEF55/NrPEgg6f5OPOmApdpHWtt6qxmjPrA==
  dependencies:
    tsparticles-engine "^2.9.0"

tsparticles-interaction-external-connect@^2.9.0:
  version "2.9.0"
  resolved "https://registry.npmjs.org/tsparticles-interaction-external-connect/-/tsparticles-interaction-external-connect-2.9.0.tgz"
  integrity sha512-r5/2jfcBTq665wnWt6i3JwY6FSlIX4gBXpsw/BBd3VMpG7XhIYPNFYVdi75ZUg6yc46OUu1OXud2RsNFfBQk0w==
  dependencies:
    tsparticles-engine "^2.9.0"

tsparticles-interaction-external-grab@^2.9.0:
  version "2.9.0"
  resolved "https://registry.npmjs.org/tsparticles-interaction-external-grab/-/tsparticles-interaction-external-grab-2.9.0.tgz"
  integrity sha512-M0oAu/Ejs074/hPJV+SM02yIy5As2ssrv1ARd1tiTubFv0Qu6+sUAaR+9D52qlyCNMONTr7IAd/eNV2SU7mIzQ==
  dependencies:
    tsparticles-engine "^2.9.0"

tsparticles-interaction-external-pause@^2.9.0:
  version "2.9.0"
  resolved "https://registry.npmjs.org/tsparticles-interaction-external-pause/-/tsparticles-interaction-external-pause-2.9.0.tgz"
  integrity sha512-DQenSBSsUt1Uw0nXx/rNxkduh1LLiMyWj+GL5f5MPWqENwdCOsONKMnz+faZqQPaWwbz9fqaGpNSPv4PMOSjGw==
  dependencies:
    tsparticles-engine "^2.9.0"

tsparticles-interaction-external-push@^2.9.0:
  version "2.9.0"
  resolved "https://registry.npmjs.org/tsparticles-interaction-external-push/-/tsparticles-interaction-external-push-2.9.0.tgz"
  integrity sha512-kA9dlrvkNg5Hsf8JKjUubjdcRz+davqk6zTvaQbwkM0KnVFSPrMVgU5u9HZziC7Y3M02tbHEZnOfumcAkdo4xQ==
  dependencies:
    tsparticles-engine "^2.9.0"

tsparticles-interaction-external-remove@^2.9.0:
  version "2.9.0"
  resolved "https://registry.npmjs.org/tsparticles-interaction-external-remove/-/tsparticles-interaction-external-remove-2.9.0.tgz"
  integrity sha512-qA4ZISa8TKG6N3h7ykdWz3WsOW+YJO3vzKMwHK8vlwvCNccgvi7/mEfhWA+vFfx+St9A4KHCduRTCJWzaTn5rQ==
  dependencies:
    tsparticles-engine "^2.9.0"

tsparticles-interaction-external-repulse@^2.9.0:
  version "2.9.0"
  resolved "https://registry.npmjs.org/tsparticles-interaction-external-repulse/-/tsparticles-interaction-external-repulse-2.9.0.tgz"
  integrity sha512-2O+uwdZFpUr8lNNTvc3pXLS7ADvD4lJiwgq4EmEMnp233nAwUQcm5aoj50BOHlVvH4fBfK2GNfq7QDEY24Grlw==
  dependencies:
    tsparticles-engine "^2.9.0"

tsparticles-interaction-external-slow@^2.9.0:
  version "2.9.0"
  resolved "https://registry.npmjs.org/tsparticles-interaction-external-slow/-/tsparticles-interaction-external-slow-2.9.0.tgz"
  integrity sha512-SlmS4swDYqJGNmJLQa1Xnwo1m/4OhDnkMIU+ohkbu9rj+akhSsfUAS67xJn9nowNc0NdyYBOrVo14e8HGC/I+Q==
  dependencies:
    tsparticles-engine "^2.9.0"

tsparticles-interaction-external-trail@^2.9.0:
  version "2.9.0"
  resolved "https://registry.npmjs.org/tsparticles-interaction-external-trail/-/tsparticles-interaction-external-trail-2.9.0.tgz"
  integrity sha512-VygP34IafrrOS1lGMFxw6ZYfKV5Pq4SI011wFepilV2LW74Ku7aPsPJ3KbgQinwa4e14hT64GTW/pMhRwj4xzg==
  dependencies:
    tsparticles-engine "^2.9.0"

tsparticles-interaction-particles-attract@^2.9.0:
  version "2.9.0"
  resolved "https://registry.npmjs.org/tsparticles-interaction-particles-attract/-/tsparticles-interaction-particles-attract-2.9.0.tgz"
  integrity sha512-2AiLwKbFja5QTl24rc4M+GMY1Gpgeud/lH2yVxgJgTtm1x9jp+7BPmbRJXoDgZnpM4YPKtF5lOK54yiI6T0RSA==
  dependencies:
    tsparticles-engine "^2.9.0"

tsparticles-interaction-particles-collisions@^2.9.0:
  version "2.9.0"
  resolved "https://registry.npmjs.org/tsparticles-interaction-particles-collisions/-/tsparticles-interaction-particles-collisions-2.9.0.tgz"
  integrity sha512-WCfhAr6+3k+3BX8w8X1MJZe+iScH5B/rzPveYc3g1qEzdTDXDwKXfpGxyrv25usvKySoaeGVf0YQJ0kwI4z52A==
  dependencies:
    tsparticles-engine "^2.9.0"

tsparticles-interaction-particles-links@^2.9.0:
  version "2.9.0"
  resolved "https://registry.npmjs.org/tsparticles-interaction-particles-links/-/tsparticles-interaction-particles-links-2.9.0.tgz"
  integrity sha512-eqhetWMsUBDAEvYhDJnqHo1YcJZ0htN1QKsBqNhF+RMAxIgQOI8HxT6bTYckONdtSXWmhHaffCoHbrlZrlLquA==
  dependencies:
    tsparticles-engine "^2.9.0"

tsparticles-move-base@^2.9.0:
  version "2.9.0"
  resolved "https://registry.npmjs.org/tsparticles-move-base/-/tsparticles-move-base-2.9.0.tgz"
  integrity sha512-1VB8pkbpUx2r28eGjOpQLnem36VnCDWHPLGlygEw3k56/oe0ByZMKQO5NWH2UFSbOG+DcLoh9KP9SpZ/ZGI6Ww==
  dependencies:
    tsparticles-engine "^2.9.0"

tsparticles-move-parallax@^2.9.0:
  version "2.9.0"
  resolved "https://registry.npmjs.org/tsparticles-move-parallax/-/tsparticles-move-parallax-2.9.0.tgz"
  integrity sha512-zTLNClKUi6a/Ot6r7NB15Os16LacMneSfmLOWpws540Ocs5mdxPHen/aBTnpSvh4qiTpB3PFoujse+QqjCwrvw==
  dependencies:
    tsparticles-engine "^2.9.0"

tsparticles-particles.js@^2.9.0:
  version "2.9.0"
  resolved "https://registry.npmjs.org/tsparticles-particles.js/-/tsparticles-particles.js-2.9.0.tgz"
  integrity sha512-ar6ts9UWOf7EpHKItsRuu5Xj+4Xs8fRDn5Cc2Zyyx/8Y9M89ypQnuH8qCN7oLZIv7CkIFcwLNk16wgCpDb+odw==
  dependencies:
    tsparticles-engine "^2.9.0"

tsparticles-plugin-absorbers@^2.9.0:
  version "2.9.0"
  resolved "https://registry.npmjs.org/tsparticles-plugin-absorbers/-/tsparticles-plugin-absorbers-2.9.0.tgz"
  integrity sha512-nu6tm3lK1m1AsnP77G1wJKenw8Lj9uZ106OohOo1AUSBbOANvUJ//KIsAjM1oYpGgs2QPV68kFenLLiAMPuKyg==
  dependencies:
    tsparticles-engine "^2.9.0"

tsparticles-plugin-easing-quad@^2.9.0:
  version "2.9.0"
  resolved "https://registry.npmjs.org/tsparticles-plugin-easing-quad/-/tsparticles-plugin-easing-quad-2.9.0.tgz"
  integrity sha512-giy0UY3CaJS+yIWNeao5tpcIpCUM/fNAg3Dg5Y1JqHPmcdlLqj1cPCn/VwaNcdcujnckLOXjTTEvWVIfmHHU0A==
  dependencies:
    tsparticles-engine "^2.9.0"

tsparticles-plugin-emitters@^2.9.0:
  version "2.9.0"
  resolved "https://registry.npmjs.org/tsparticles-plugin-emitters/-/tsparticles-plugin-emitters-2.9.0.tgz"
  integrity sha512-G+18sCAvdfDuj0MkHYS0P+/6rFUcglzDUbaHQUuiBQq+qPz52n0vt9Q8ys0q13RA7Xy4lzgbUU9NafirWz0BDA==
  dependencies:
    tsparticles-engine "^2.9.0"

tsparticles-shape-circle@^2.9.0:
  version "2.9.0"
  resolved "https://registry.npmjs.org/tsparticles-shape-circle/-/tsparticles-shape-circle-2.9.0.tgz"
  integrity sha512-xI7vIw3+i9uqcK0NvsxVybA5H3Rmmtmz6cKOZKT0znj4xu+HtMkUVbsiGS721qI/3qM/pW0Z9w6/GsUfPS8K5Q==
  dependencies:
    tsparticles-engine "^2.9.0"

tsparticles-shape-image@^2.9.0:
  version "2.9.0"
  resolved "https://registry.npmjs.org/tsparticles-shape-image/-/tsparticles-shape-image-2.9.0.tgz"
  integrity sha512-ocZU7W2OIZcUBEHnPuZXM2OlQVJYDDbcB3AecKVG2mvHzXYIXF/103hOXfB6EMMCo1PXX53dIPNc6d4fUkGVqQ==
  dependencies:
    tsparticles-engine "^2.9.0"

tsparticles-shape-line@^2.9.0:
  version "2.9.0"
  resolved "https://registry.npmjs.org/tsparticles-shape-line/-/tsparticles-shape-line-2.9.0.tgz"
  integrity sha512-/HjM6cUpCkNU2B+S1AuRFw6Qmm5jKBU4JPUNZsNi829g1g/3c09AxKQA3vTEq/q/HHyPfGNHmXI6cSlOl5061g==
  dependencies:
    tsparticles-engine "^2.9.0"

tsparticles-shape-polygon@^2.9.0:
  version "2.9.0"
  resolved "https://registry.npmjs.org/tsparticles-shape-polygon/-/tsparticles-shape-polygon-2.9.0.tgz"
  integrity sha512-reER6TVk2NwLPKCjlUGJbwM4A9u3YlitcQ3tD+zbbLxJC3HwAKGojaQ6x4RqeyHr5LqUi8tTHbw9miPQVVVk7A==
  dependencies:
    tsparticles-engine "^2.9.0"

tsparticles-shape-square@^2.9.0:
  version "2.9.0"
  resolved "https://registry.npmjs.org/tsparticles-shape-square/-/tsparticles-shape-square-2.9.0.tgz"
  integrity sha512-BGqgZaMBAT5TPTRuNN3NuC/nbkSDq4NQapyBrkjA9+pabgel257mRvQ7/xFP8riqqzC0+tMHb57RLUKkfpWsDg==
  dependencies:
    tsparticles-engine "^2.9.0"

tsparticles-shape-star@^2.9.0:
  version "2.9.0"
  resolved "https://registry.npmjs.org/tsparticles-shape-star/-/tsparticles-shape-star-2.9.0.tgz"
  integrity sha512-J4Q0kJ9r1eRt6kgIY2u9UwJzFFWFw0gQyzXI5yW/eqQ9aeiuRAnRKbOLofMhNyo/mHOahrVRUbxJGMfABzxGlw==
  dependencies:
    tsparticles-engine "^2.9.0"

tsparticles-shape-text@^2.9.0:
  version "2.9.0"
  resolved "https://registry.npmjs.org/tsparticles-shape-text/-/tsparticles-shape-text-2.9.0.tgz"
  integrity sha512-h7Wjso5/6RWDv8ydKAb7btJph49nfZYdehzHCRhI3z33pFc2OUvXVCKdCCKKYPG43ua/OKfG0EqCwxHHgIyOsA==
  dependencies:
    tsparticles-engine "^2.9.0"

tsparticles-slim@^2.9.0:
  version "2.9.0"
  resolved "https://registry.npmjs.org/tsparticles-slim/-/tsparticles-slim-2.9.0.tgz"
  integrity sha512-tl1LupOuu1S629qjG0bETI4XyN1DFEsLE/3D1qfRn1woKweSbPFgPDCN8f9cyHSw4deb+U35/eoSA2f640lWpg==
  dependencies:
    tsparticles-engine "^2.9.0"
    tsparticles-interaction-external-attract "^2.9.0"
    tsparticles-interaction-external-bounce "^2.9.0"
    tsparticles-interaction-external-bubble "^2.9.0"
    tsparticles-interaction-external-connect "^2.9.0"
    tsparticles-interaction-external-grab "^2.9.0"
    tsparticles-interaction-external-pause "^2.9.0"
    tsparticles-interaction-external-push "^2.9.0"
    tsparticles-interaction-external-remove "^2.9.0"
    tsparticles-interaction-external-repulse "^2.9.0"
    tsparticles-interaction-external-slow "^2.9.0"
    tsparticles-interaction-particles-attract "^2.9.0"
    tsparticles-interaction-particles-collisions "^2.9.0"
    tsparticles-interaction-particles-links "^2.9.0"
    tsparticles-move-base "^2.9.0"
    tsparticles-move-parallax "^2.9.0"
    tsparticles-particles.js "^2.9.0"
    tsparticles-plugin-easing-quad "^2.9.0"
    tsparticles-shape-circle "^2.9.0"
    tsparticles-shape-image "^2.9.0"
    tsparticles-shape-line "^2.9.0"
    tsparticles-shape-polygon "^2.9.0"
    tsparticles-shape-square "^2.9.0"
    tsparticles-shape-star "^2.9.0"
    tsparticles-shape-text "^2.9.0"
    tsparticles-updater-angle "^2.9.0"
    tsparticles-updater-color "^2.9.0"
    tsparticles-updater-life "^2.9.0"
    tsparticles-updater-opacity "^2.9.0"
    tsparticles-updater-out-modes "^2.9.0"
    tsparticles-updater-size "^2.9.0"
    tsparticles-updater-stroke-color "^2.9.0"

tsparticles-updater-angle@^2.9.0:
  version "2.9.0"
  resolved "https://registry.npmjs.org/tsparticles-updater-angle/-/tsparticles-updater-angle-2.9.0.tgz"
  integrity sha512-a8ViZcuD4lF7e++QHkLKfFV3K4NC9mutswrSsr26z/RjkqfT8R+GJVVYONoVlz1Tl3eeyHrMwFIdkmYKtoo3BQ==
  dependencies:
    tsparticles-engine "^2.9.0"

tsparticles-updater-color@^2.9.0:
  version "2.9.0"
  resolved "https://registry.npmjs.org/tsparticles-updater-color/-/tsparticles-updater-color-2.9.0.tgz"
  integrity sha512-bLb0xpy+YFDEXwJo5JojB0+u61I7P9+rVYJ7aiLghU9WopbmfVIhuKkU5sjXXLy8sfjnt65TulJ7Pw/1tumGtw==
  dependencies:
    tsparticles-engine "^2.9.0"

tsparticles-updater-destroy@^2.9.0:
  version "2.9.0"
  resolved "https://registry.npmjs.org/tsparticles-updater-destroy/-/tsparticles-updater-destroy-2.9.0.tgz"
  integrity sha512-Pz/S7uETvk5tkQj44Q9WWXScGktu3V21Iiy9FX31L16WwbGGMXiijEHmciMZ18PU0O/nwSepVRPtulMff5JLWg==
  dependencies:
    tsparticles-engine "^2.9.0"

tsparticles-updater-life@^2.9.0:
  version "2.9.0"
  resolved "https://registry.npmjs.org/tsparticles-updater-life/-/tsparticles-updater-life-2.9.0.tgz"
  integrity sha512-y6rCIKU9kOECT37pcZgx/CsTdJqvgB43zIrwWJHqo8vhhu8Yyj4GQ1WeEW9A7Fv1l7U5/pQEeDw+ngpteelNlg==
  dependencies:
    tsparticles-engine "^2.9.0"

tsparticles-updater-opacity@^2.9.0:
  version "2.9.0"
  resolved "https://registry.npmjs.org/tsparticles-updater-opacity/-/tsparticles-updater-opacity-2.9.0.tgz"
  integrity sha512-Gwc171aOBPkGHRpF8xvWJs07g+oGw+3JdhSx4rtLCIrbmiOE2N3SOsc4Z08nHyPs5WRQrKt41l3ag6RYF++raQ==
  dependencies:
    tsparticles-engine "^2.9.0"

tsparticles-updater-out-modes@^2.9.0:
  version "2.9.0"
  resolved "https://registry.npmjs.org/tsparticles-updater-out-modes/-/tsparticles-updater-out-modes-2.9.0.tgz"
  integrity sha512-8CAXLk4AeCVlIueIwuK8T5ocjzwCgyENC9zorOVtzLElmS4EZdYp2iU43JOQT1BYcA/VPiO8y3+OpS57Q1pLCA==
  dependencies:
    tsparticles-engine "^2.9.0"

tsparticles-updater-roll@^2.9.0:
  version "2.9.0"
  resolved "https://registry.npmjs.org/tsparticles-updater-roll/-/tsparticles-updater-roll-2.9.0.tgz"
  integrity sha512-fn8UhHQXkyji/yF0GL1ZGy5TIdYGG0AnC9pIcNujd90oJj2uHMU/4vGOVKXoWKQarJG4yprTGhy8SfRSRTElCA==
  dependencies:
    tsparticles-engine "^2.9.0"

tsparticles-updater-size@^2.9.0:
  version "2.9.0"
  resolved "https://registry.npmjs.org/tsparticles-updater-size/-/tsparticles-updater-size-2.9.0.tgz"
  integrity sha512-Y8xXFmVfpwkpJ0JZE53gjndo+67Ayst1btauv89OY0HqwpTq46+xkBXTrJWRH8pmsB0PMiJyogPGqhfqjjGi0Q==
  dependencies:
    tsparticles-engine "^2.9.0"

tsparticles-updater-stroke-color@^2.9.0:
  version "2.9.0"
  resolved "https://registry.npmjs.org/tsparticles-updater-stroke-color/-/tsparticles-updater-stroke-color-2.9.0.tgz"
  integrity sha512-ENnbXNJifZ7d0rgu55agZWABtq7xBK/GBw4/7/Jh177hXc6aIVACyhTBAtwrsWdTo6ZYxhA6mgB0Y853p69x6g==
  dependencies:
    tsparticles-engine "^2.9.0"

tsparticles-updater-tilt@^2.9.0:
  version "2.9.0"
  resolved "https://registry.npmjs.org/tsparticles-updater-tilt/-/tsparticles-updater-tilt-2.9.0.tgz"
  integrity sha512-I8O8KUB57iTDWTUZ3bSqGO2eWcmwfXDdIIh+YL9IpJTd+C1oXDc+wGAJHrdWjrjPlEZvqmQdmacVXlxnpgKjVw==
  dependencies:
    tsparticles-engine "^2.9.0"

tsparticles-updater-twinkle@^2.9.0:
  version "2.9.0"
  resolved "https://registry.npmjs.org/tsparticles-updater-twinkle/-/tsparticles-updater-twinkle-2.9.0.tgz"
  integrity sha512-FXYD5O441+06staKuLybLYvhqhgoGiWmjCyhDb2eRMD0GSWjfh738vlTSA4PxqkrD3pSDQw+2I8Z5RpMDzF5fA==
  dependencies:
    tsparticles-engine "^2.9.0"

tsparticles-updater-wobble@^2.9.0:
  version "2.9.0"
  resolved "https://registry.npmjs.org/tsparticles-updater-wobble/-/tsparticles-updater-wobble-2.9.0.tgz"
  integrity sha512-v96LDDmkaXx/mUl3M92lxiW1FR3fvy6/oqUAu+u48YPMer4rVdntNti/uaiA5PTWaeTQQnyJjWamSwkm2MvKog==
  dependencies:
    tsparticles-engine "^2.9.0"

tsparticles@^2.9.0:
  version "2.9.0"
  resolved "https://registry.npmjs.org/tsparticles/-/tsparticles-2.9.0.tgz"
  integrity sha512-7S7b5jwlvThyWNPUmdKvzp7k+4/QoaNjbc48ixlFjM5jEuLLnAwJS3V765525VCgPvOFlqEckQxJ4XtiAGO4QQ==
  dependencies:
    tsparticles-engine "^2.9.0"
    tsparticles-interaction-external-trail "^2.9.0"
    tsparticles-plugin-absorbers "^2.9.0"
    tsparticles-plugin-emitters "^2.9.0"
    tsparticles-slim "^2.9.0"
    tsparticles-updater-destroy "^2.9.0"
    tsparticles-updater-roll "^2.9.0"
    tsparticles-updater-tilt "^2.9.0"
    tsparticles-updater-twinkle "^2.9.0"
    tsparticles-updater-wobble "^2.9.0"

type-fest@^2.19.0:
  version "2.19.0"
  resolved "https://registry.npmjs.org/type-fest/-/type-fest-2.19.0.tgz"
  integrity sha512-RAH822pAdBgcNMAfWnCBU3CFZcfZ/i1eZjwFU/dsLKumyuuP3niueg2UAukXYF0E2AAoc82ZSSf9J0WQBinzHA==

typescript@^4.9.4:
  version "4.9.5"
  resolved "https://registry.npmjs.org/typescript/-/typescript-4.9.5.tgz"
  integrity sha512-1FXk9E2Hm+QzZQ7z+McJiHL4NW1F2EzMu9Nq9i3zAaGqibafqYwCVU6WyWAuyQRRzOlxou8xZSyXLEN8oKj24g==

uc.micro@^1.0.1, uc.micro@^1.0.5:
  version "1.0.6"
  resolved "https://registry.npmjs.org/uc.micro/-/uc.micro-1.0.6.tgz"
  integrity sha512-8Y75pvTYkLJW2hWQHXxoqRgV7qb9B+9vFEtidML+7koHUFapnVJAZ6cKs+Qjz5Aw3aZWHMC6u0wJE3At+nSGwA==

vee-validate@^4.7.4:
  version "4.7.4"
  resolved "https://registry.npmjs.org/vee-validate/-/vee-validate-4.7.4.tgz"
  integrity sha512-pfhKluYimYvSQIiFoIY29NAgl0j24DqPsodlCny/NlOrYbougdjbL1C9yYqmba4Ka3YUY6vOZ0GE2wcwMsKQ5A==
  dependencies:
    "@vue/devtools-api" "^6.1.4"

vite-plugin-full-reload@^1.0.5:
  version "1.0.5"
  resolved "https://registry.npmjs.org/vite-plugin-full-reload/-/vite-plugin-full-reload-1.0.5.tgz"
  integrity sha512-kVZFDFWr0DxiHn6MuDVTQf7gnWIdETGlZh0hvTiMXzRN80vgF4PKbONSq8U1d0WtHsKaFODTQgJeakLacoPZEQ==
  dependencies:
    picocolors "^1.0.0"
    picomatch "^2.3.1"

vite@^4.0.1:
  version "4.1.1"
  resolved "https://registry.npmjs.org/vite/-/vite-4.1.1.tgz"
  integrity sha512-LM9WWea8vsxhr782r9ntg+bhSFS06FJgCvvB0+8hf8UWtvaiDagKYWXndjfX6kGl74keHJUcpzrQliDXZlF5yg==
  dependencies:
    esbuild "^0.16.14"
    postcss "^8.4.21"
    resolve "^1.22.1"
    rollup "^3.10.0"
  optionalDependencies:
    fsevents "~2.3.2"

vue-demi@*:
  version "0.13.11"
  resolved "https://registry.npmjs.org/vue-demi/-/vue-demi-0.13.11.tgz"
  integrity sha512-IR8HoEEGM65YY3ZJYAjMlKygDQn25D5ajNFNoKh9RSDMQtlzCxtfQjdQgv9jjK+m3377SsJXY8ysq8kLCZL25A==

vue-router@^4.1.6:
  version "4.1.6"
  resolved "https://registry.npmjs.org/vue-router/-/vue-router-4.1.6.tgz"
  integrity sha512-DYWYwsG6xNPmLq/FmZn8Ip+qrhFEzA14EI12MsMgVxvHFDYvlr4NXpVF5hrRH1wVcDP8fGi5F4rxuJSl8/r+EQ==
  dependencies:
    "@vue/devtools-api" "^6.4.5"

vue-template-compiler@^2.7.14:
  version "2.7.14"
  resolved "https://registry.npmjs.org/vue-template-compiler/-/vue-template-compiler-2.7.14.tgz"
  integrity sha512-zyA5Y3ArvVG0NacJDkkzJuPQDF8RFeRlzV2vLeSnhSpieO6LK2OVbdLPi5MPPs09Ii+gMO8nY4S3iKQxBxDmWQ==
  dependencies:
    de-indent "^1.0.2"
    he "^1.2.0"

vue-tsc@^1.0.13:
  version "1.0.24"
  resolved "https://registry.npmjs.org/vue-tsc/-/vue-tsc-1.0.24.tgz"
  integrity sha512-mmU1s5SAqE1nByQAiQnao9oU4vX+mSdsgI8H57SfKH6UVzq/jP9+Dbi2GaV+0b4Cn361d2ln8m6xeU60ApiEXg==
  dependencies:
    "@volar/vue-language-core" "1.0.24"
    "@volar/vue-typescript" "1.0.24"

vue@^3.2.45, vue@^3.2.47:
  version "3.2.47"
  resolved "https://registry.npmjs.org/vue/-/vue-3.2.47.tgz"
  integrity sha512-60188y/9Dc9WVrAZeUVSDxRQOZ+z+y5nO2ts9jWXSTkMvayiWxCWOWtBQoYjLeccfXkiiPZWAHcV+WTPhkqJHQ==
  dependencies:
    "@vue/compiler-dom" "3.2.47"
    "@vue/compiler-sfc" "3.2.47"
    "@vue/runtime-dom" "3.2.47"
    "@vue/server-renderer" "3.2.47"
    "@vue/shared" "3.2.47"

vuetify@^3.0.1:
  version "3.1.3"
  resolved "https://registry.npmjs.org/vuetify/-/vuetify-3.1.3.tgz"
  integrity sha512-QE/yXvHKDnlK9sjjMoZy9cAovNabpI97xg9RD+mAEDgSUaZNCX/jy7Qn0bP1DjJNeAsR2oAlcO0C2WhrsYe9kw==

yup@^1.0.0:
  version "1.0.0"
  resolved "https://registry.npmjs.org/yup/-/yup-1.0.0.tgz"
  integrity sha512-bRZIyMkoe212ahGJTE32cr2dLkJw53Va+Uw5mzsBKpcef9zCGQ23k/xtpQUfGwdWPKvCIlR8CzFwchs2rm2XpQ==
  dependencies:
    property-expr "^2.0.5"
    tiny-case "^1.0.3"
    toposort "^2.0.2"
    type-fest "^2.19.0"
